{
  "originHash" : "bed62bbf6b706bbff9db8b28e234da892588b1e848a133600721a3aa4a9928d7",
  "pins" : [
    {
      "identity" : "openglad",
      "kind" : "remoteSourceControl",
      "location" : "https://github.com/helbertgs/OpenGLAD.git",
      "state" : {
        "branch" : "main",
        "revision" : "3b59ea77d020d556744cd7c4a322da693cb95bc5"
      }
    },
    {
      "identity" : "openglfw",
      "kind" : "remoteSourceControl",
      "location" : "https://github.com/helbertgs/OpenGLFW.git",
      "state" : {
        "branch" : "main",
        "revision" : "b9e460b44570d88031770fe44ab73b70d435687c"
      }
    }
  ],
  "version" : 3
}