{
  "originHash" : "f6146f935e770249daedbd3b4eb8c282779952d88a8039ed2a3c4147c7117666",
  "pins" : [
    {
      "identity" : "openglad",
      "kind" : "remoteSourceControl",
      "location" : "https://github.com/helbertgs/OpenGLAD.git",
      "state" : {
        "branch" : "main",
        "revision" : "3b59ea77d020d556744cd7c4a322da693cb95bc5"
      }
    },
    {
      "identity" : "openglfw",
      "kind" : "remoteSourceControl",
      "location" : "https://github.com/helbertgs/OpenGLFW.git",
      "state" : {
        "branch" : "main",
        "revision" : "b9e460b44570d88031770fe44ab73b70d435687c"
      }
    },
    {
      "identity" : "openstb",
      "kind" : "remoteSourceControl",
      "location" : "https://github.com/helbertgs/OpenSTB.git",
      "state" : {
        "branch" : "main",
        "revision" : "0ce192ae9f378bca96b71fc277ef8a02da048c7a"
      }
    },
    {
      "identity" : "swift-log",
      "kind" : "remoteSourceControl",
      "location" : "https://github.com/apple/swift-log.git",
      "state" : {
        "branch" : "main",
        "revision" : "770059c51de738a90e2f25be584dba5d6d441a22"
      }
    }
  ],
  "version" : 3
}